
Microsoft Visual Studio Solution File, Format Version 12.00
# Visual Studio Version 17
VisualStudioVersion = 17.13.35828.75 d17.13
MinimumVisualStudioVersion = 10.0.40219.1
Project("{2150E333-8FDC-42A3-9474-1A3956D46DE8}") = "src", "src", "{02EA681E-C7D8-13C7-8484-4AC65E1B71E8}"
EndProject
Project("{2150E333-8FDC-42A3-9474-1A3956D46DE8}") = "Frontend", "Frontend", "{8C8FB0A7-ECB0-4F79-898B-C3C15046D2F1}"
EndProject
Project("{2150E333-8FDC-42A3-9474-1A3956D46DE8}") = "Order", "Order", "{9243D4EC-3B64-4B82-BB11-283CCABD70BF}"
EndProject
Project("{2150E333-8FDC-42A3-9474-1A3956D46DE8}") = "ProductService", "ProductService", "{CD0E19A5-EDD6-4A55-A8E5-2C19D1A5C634}"
EndProject
Project("{2150E333-8FDC-42A3-9474-1A3956D46DE8}") = "User", "User", "{78898EAA-90BA-458E-812F-7148A638CAFE}"
EndProject
Project("{FAE04EC0-301F-11D3-BF4B-00C04F79EFBC}") = "ProductService.Api", "ProductService.Api\ProductService.Api.csproj", "{25D68D62-9541-498E-9142-D9E605EFA7E1}"
EndProject
Project("{2150E333-8FDC-42A3-9474-1A3956D46DE8}") = "Core", "Core", "{CCEF3C90-6AA9-4ADC-B5CD-225E5C6528BA}"
EndProject
Project("{2150E333-8FDC-42A3-9474-1A3956D46DE8}") = "Microservices", "Microservices", "{70EB03DB-E074-4CCF-A611-8313B80392B2}"
EndProject
Global
	GlobalSection(SolutionConfigurationPlatforms) = preSolution
		Debug|Any CPU = Debug|Any CPU
		Release|Any CPU = Release|Any CPU
	EndGlobalSection
	GlobalSection(ProjectConfigurationPlatforms) = postSolution
		{25D68D62-9541-498E-9142-D9E605EFA7E1}.Debug|Any CPU.ActiveCfg = Debug|Any CPU
		{25D68D62-9541-498E-9142-D9E605EFA7E1}.Debug|Any CPU.Build.0 = Debug|Any CPU
		{25D68D62-9541-498E-9142-D9E605EFA7E1}.Release|Any CPU.ActiveCfg = Release|Any CPU
		{25D68D62-9541-498E-9142-D9E605EFA7E1}.Release|Any CPU.Build.0 = Release|Any CPU
	EndGlobalSection
	GlobalSection(SolutionProperties) = preSolution
		HideSolutionNode = FALSE
	EndGlobalSection
	GlobalSection(NestedProjects) = preSolution
		{8C8FB0A7-ECB0-4F79-898B-C3C15046D2F1} = {02EA681E-C7D8-13C7-8484-4AC65E1B71E8}
		{9243D4EC-3B64-4B82-BB11-283CCABD70BF} = {70EB03DB-E074-4CCF-A611-8313B80392B2}
		{CD0E19A5-EDD6-4A55-A8E5-2C19D1A5C634} = {02EA681E-C7D8-13C7-8484-4AC65E1B71E8}
		{78898EAA-90BA-458E-812F-7148A638CAFE} = {70EB03DB-E074-4CCF-A611-8313B80392B2}
		{25D68D62-9541-498E-9142-D9E605EFA7E1} = {CD0E19A5-EDD6-4A55-A8E5-2C19D1A5C634}
		{CCEF3C90-6AA9-4ADC-B5CD-225E5C6528BA} = {02EA681E-C7D8-13C7-8484-4AC65E1B71E8}
		{70EB03DB-E074-4CCF-A611-8313B80392B2} = {02EA681E-C7D8-13C7-8484-4AC65E1B71E8}
	EndGlobalSection
	GlobalSection(ExtensibilityGlobals) = postSolution
		SolutionGuid = {F9EC35CA-3FB1-4327-B925-201C9361FE24}
	EndGlobalSection
EndGlobal
