
Microsoft Visual Studio Solution File, Format Version 12.00
# Visual Studio Version 17
VisualStudioVersion = 17.13.35828.75
MinimumVisualStudioVersion = 10.0.40219.1
Project("{2150E333-8FDC-42A3-9474-1A3956D46DE8}") = "src", "src", "{02EA681E-C7D8-13C7-8484-4AC65E1B71E8}"
EndProject
Project("{2150E333-8FDC-42A3-9474-1A3956D46DE8}") = "Frontend", "Frontend", "{8C8FB0A7-ECB0-4F79-898B-C3C15046D2F1}"
EndProject
Project("{2150E333-8FDC-42A3-9474-1A3956D46DE8}") = "Order", "Order", "{9243D4EC-3B64-4B82-BB11-283CCABD70BF}"
EndProject
Project("{2150E333-8FDC-42A3-9474-1A3956D46DE8}") = "Product", "Product", "{CD0E19A5-EDD6-4A55-A8E5-2C19D1A5C634}"
EndProject
Project("{2150E333-8FDC-42A3-9474-1A3956D46DE8}") = "Core", "Core", "{CCEF3C90-6AA9-4ADC-B5CD-225E5C6528BA}"
EndProject
Project("{2150E333-8FDC-42A3-9474-1A3956D46DE8}") = "Microservices", "Microservices", "{70EB03DB-E074-4CCF-A611-8313B80392B2}"
EndProject
Project("{FAE04EC0-301F-11D3-BF4B-00C04F79EFBC}") = "Product.Api", "Product.Api\Product.Api.csproj", "{A87F9784-5C8A-4CBA-8190-805BA2D31438}"
EndProject
Project("{FAE04EC0-301F-11D3-BF4B-00C04F79EFBC}") = "Product.Domain", "Product.Domain\Product.Domain.csproj", "{B19EDC20-CC17-4F28-898A-39381D8ACE6E}"
EndProject
Project("{FAE04EC0-301F-11D3-BF4B-00C04F79EFBC}") = "Product.Application", "Product.Application\Product.Application.csproj", "{08FF776C-D2FD-4D6B-B35E-029162E01A20}"
EndProject
Project("{FAE04EC0-301F-11D3-BF4B-00C04F79EFBC}") = "Product.Infrastructure", "Product.Infrastructure\Product.Infrastructure.csproj", "{85D420BB-1B4A-4F56-97D4-A4A643DCAB88}"
EndProject
Project("{2150E333-8FDC-42A3-9474-1A3956D46DE8}") = "Identity", "Identity", "{B59FD39D-BD19-4511-8899-1768788965FA}"
EndProject
Project("{FAE04EC0-301F-11D3-BF4B-00C04F79EFBC}") = "Identity.Api", "Identity.Api\Identity.Api.csproj", "{3D289568-9E6D-49C4-96C9-655298EC1C25}"
EndProject
Project("{FAE04EC0-301F-11D3-BF4B-00C04F79EFBC}") = "Identity.Domain", "Identity.Domain\Identity.Domain.csproj", "{C7BE78B6-7B5F-4B06-AA4C-183240B178C0}"
EndProject
Project("{FAE04EC0-301F-11D3-BF4B-00C04F79EFBC}") = "Identity.Application", "Identity.Application\Identity.Application.csproj", "{142AEDBD-AF03-480B-974F-5FB7E52EFE97}"
EndProject
Project("{FAE04EC0-301F-11D3-BF4B-00C04F79EFBC}") = "Identity.Infrastructure", "Identity.Infrastructure\Identity.Infrastructure.csproj", "{E9A920C5-A32F-40CF-A674-EFBA0A0F56F8}"
EndProject
Project("{FAE04EC0-301F-11D3-BF4B-00C04F79EFBC}") = "Order.Api", "Order.Api\Order.Api.csproj", "{C815B7BF-D2CA-4941-8FB2-DD801A762CC5}"
EndProject
Project("{FAE04EC0-301F-11D3-BF4B-00C04F79EFBC}") = "Order.Domain", "Order.Domain\Order.Domain.csproj", "{FF0326A8-BE61-4AC2-8D7F-7FE5E6B3AFE5}"
EndProject
Project("{FAE04EC0-301F-11D3-BF4B-00C04F79EFBC}") = "Order.Application", "Order.Application\Order.Application.csproj", "{0CC7BAC6-EF2B-4F1A-892E-8DD8D1275EB5}"
EndProject
Project("{FAE04EC0-301F-11D3-BF4B-00C04F79EFBC}") = "Order.Infrastructure", "Order.Infrastructure\Order.Infrastructure.csproj", "{6C580896-154A-4CA5-BA5F-B82333F39F81}"
EndProject
Global
	GlobalSection(SolutionConfigurationPlatforms) = preSolution
		Debug|Any CPU = Debug|Any CPU
		Release|Any CPU = Release|Any CPU
	EndGlobalSection
	GlobalSection(ProjectConfigurationPlatforms) = postSolution
		{A87F9784-5C8A-4CBA-8190-805BA2D31438}.Debug|Any CPU.ActiveCfg = Debug|Any CPU
		{A87F9784-5C8A-4CBA-8190-805BA2D31438}.Debug|Any CPU.Build.0 = Debug|Any CPU
		{A87F9784-5C8A-4CBA-8190-805BA2D31438}.Release|Any CPU.ActiveCfg = Release|Any CPU
		{A87F9784-5C8A-4CBA-8190-805BA2D31438}.Release|Any CPU.Build.0 = Release|Any CPU
		{B19EDC20-CC17-4F28-898A-39381D8ACE6E}.Debug|Any CPU.ActiveCfg = Debug|Any CPU
		{B19EDC20-CC17-4F28-898A-39381D8ACE6E}.Debug|Any CPU.Build.0 = Debug|Any CPU
		{B19EDC20-CC17-4F28-898A-39381D8ACE6E}.Release|Any CPU.ActiveCfg = Release|Any CPU
		{B19EDC20-CC17-4F28-898A-39381D8ACE6E}.Release|Any CPU.Build.0 = Release|Any CPU
		{08FF776C-D2FD-4D6B-B35E-029162E01A20}.Debug|Any CPU.ActiveCfg = Debug|Any CPU
		{08FF776C-D2FD-4D6B-B35E-029162E01A20}.Debug|Any CPU.Build.0 = Debug|Any CPU
		{08FF776C-D2FD-4D6B-B35E-029162E01A20}.Release|Any CPU.ActiveCfg = Release|Any CPU
		{08FF776C-D2FD-4D6B-B35E-029162E01A20}.Release|Any CPU.Build.0 = Release|Any CPU
		{85D420BB-1B4A-4F56-97D4-A4A643DCAB88}.Debug|Any CPU.ActiveCfg = Debug|Any CPU
		{85D420BB-1B4A-4F56-97D4-A4A643DCAB88}.Debug|Any CPU.Build.0 = Debug|Any CPU
		{85D420BB-1B4A-4F56-97D4-A4A643DCAB88}.Release|Any CPU.ActiveCfg = Release|Any CPU
		{85D420BB-1B4A-4F56-97D4-A4A643DCAB88}.Release|Any CPU.Build.0 = Release|Any CPU
		{3D289568-9E6D-49C4-96C9-655298EC1C25}.Debug|Any CPU.ActiveCfg = Debug|Any CPU
		{3D289568-9E6D-49C4-96C9-655298EC1C25}.Debug|Any CPU.Build.0 = Debug|Any CPU
		{3D289568-9E6D-49C4-96C9-655298EC1C25}.Release|Any CPU.ActiveCfg = Release|Any CPU
		{3D289568-9E6D-49C4-96C9-655298EC1C25}.Release|Any CPU.Build.0 = Release|Any CPU
		{C7BE78B6-7B5F-4B06-AA4C-183240B178C0}.Debug|Any CPU.ActiveCfg = Debug|Any CPU
		{C7BE78B6-7B5F-4B06-AA4C-183240B178C0}.Debug|Any CPU.Build.0 = Debug|Any CPU
		{C7BE78B6-7B5F-4B06-AA4C-183240B178C0}.Release|Any CPU.ActiveCfg = Release|Any CPU
		{C7BE78B6-7B5F-4B06-AA4C-183240B178C0}.Release|Any CPU.Build.0 = Release|Any CPU
		{142AEDBD-AF03-480B-974F-5FB7E52EFE97}.Debug|Any CPU.ActiveCfg = Debug|Any CPU
		{142AEDBD-AF03-480B-974F-5FB7E52EFE97}.Debug|Any CPU.Build.0 = Debug|Any CPU
		{142AEDBD-AF03-480B-974F-5FB7E52EFE97}.Release|Any CPU.ActiveCfg = Release|Any CPU
		{142AEDBD-AF03-480B-974F-5FB7E52EFE97}.Release|Any CPU.Build.0 = Release|Any CPU
		{E9A920C5-A32F-40CF-A674-EFBA0A0F56F8}.Debug|Any CPU.ActiveCfg = Debug|Any CPU
		{E9A920C5-A32F-40CF-A674-EFBA0A0F56F8}.Debug|Any CPU.Build.0 = Debug|Any CPU
		{E9A920C5-A32F-40CF-A674-EFBA0A0F56F8}.Release|Any CPU.ActiveCfg = Release|Any CPU
		{E9A920C5-A32F-40CF-A674-EFBA0A0F56F8}.Release|Any CPU.Build.0 = Release|Any CPU
		{C815B7BF-D2CA-4941-8FB2-DD801A762CC5}.Debug|Any CPU.ActiveCfg = Debug|Any CPU
		{C815B7BF-D2CA-4941-8FB2-DD801A762CC5}.Debug|Any CPU.Build.0 = Debug|Any CPU
		{C815B7BF-D2CA-4941-8FB2-DD801A762CC5}.Release|Any CPU.ActiveCfg = Release|Any CPU
		{C815B7BF-D2CA-4941-8FB2-DD801A762CC5}.Release|Any CPU.Build.0 = Release|Any CPU
		{FF0326A8-BE61-4AC2-8D7F-7FE5E6B3AFE5}.Debug|Any CPU.ActiveCfg = Debug|Any CPU
		{FF0326A8-BE61-4AC2-8D7F-7FE5E6B3AFE5}.Debug|Any CPU.Build.0 = Debug|Any CPU
		{FF0326A8-BE61-4AC2-8D7F-7FE5E6B3AFE5}.Release|Any CPU.ActiveCfg = Release|Any CPU
		{FF0326A8-BE61-4AC2-8D7F-7FE5E6B3AFE5}.Release|Any CPU.Build.0 = Release|Any CPU
		{0CC7BAC6-EF2B-4F1A-892E-8DD8D1275EB5}.Debug|Any CPU.ActiveCfg = Debug|Any CPU
		{0CC7BAC6-EF2B-4F1A-892E-8DD8D1275EB5}.Debug|Any CPU.Build.0 = Debug|Any CPU
		{0CC7BAC6-EF2B-4F1A-892E-8DD8D1275EB5}.Release|Any CPU.ActiveCfg = Release|Any CPU
		{0CC7BAC6-EF2B-4F1A-892E-8DD8D1275EB5}.Release|Any CPU.Build.0 = Release|Any CPU
		{6C580896-154A-4CA5-BA5F-B82333F39F81}.Debug|Any CPU.ActiveCfg = Debug|Any CPU
		{6C580896-154A-4CA5-BA5F-B82333F39F81}.Debug|Any CPU.Build.0 = Debug|Any CPU
		{6C580896-154A-4CA5-BA5F-B82333F39F81}.Release|Any CPU.ActiveCfg = Release|Any CPU
		{6C580896-154A-4CA5-BA5F-B82333F39F81}.Release|Any CPU.Build.0 = Release|Any CPU
	EndGlobalSection
	GlobalSection(SolutionProperties) = preSolution
		HideSolutionNode = FALSE
	EndGlobalSection
	GlobalSection(NestedProjects) = preSolution
		{8C8FB0A7-ECB0-4F79-898B-C3C15046D2F1} = {02EA681E-C7D8-13C7-8484-4AC65E1B71E8}
		{9243D4EC-3B64-4B82-BB11-283CCABD70BF} = {70EB03DB-E074-4CCF-A611-8313B80392B2}
		{CD0E19A5-EDD6-4A55-A8E5-2C19D1A5C634} = {70EB03DB-E074-4CCF-A611-8313B80392B2}
		{CCEF3C90-6AA9-4ADC-B5CD-225E5C6528BA} = {02EA681E-C7D8-13C7-8484-4AC65E1B71E8}
		{70EB03DB-E074-4CCF-A611-8313B80392B2} = {02EA681E-C7D8-13C7-8484-4AC65E1B71E8}
		{A87F9784-5C8A-4CBA-8190-805BA2D31438} = {CD0E19A5-EDD6-4A55-A8E5-2C19D1A5C634}
		{B19EDC20-CC17-4F28-898A-39381D8ACE6E} = {CD0E19A5-EDD6-4A55-A8E5-2C19D1A5C634}
		{08FF776C-D2FD-4D6B-B35E-029162E01A20} = {CD0E19A5-EDD6-4A55-A8E5-2C19D1A5C634}
		{85D420BB-1B4A-4F56-97D4-A4A643DCAB88} = {CD0E19A5-EDD6-4A55-A8E5-2C19D1A5C634}
		{B59FD39D-BD19-4511-8899-1768788965FA} = {70EB03DB-E074-4CCF-A611-8313B80392B2}
		{3D289568-9E6D-49C4-96C9-655298EC1C25} = {B59FD39D-BD19-4511-8899-1768788965FA}
		{C7BE78B6-7B5F-4B06-AA4C-183240B178C0} = {B59FD39D-BD19-4511-8899-1768788965FA}
		{142AEDBD-AF03-480B-974F-5FB7E52EFE97} = {B59FD39D-BD19-4511-8899-1768788965FA}
		{E9A920C5-A32F-40CF-A674-EFBA0A0F56F8} = {B59FD39D-BD19-4511-8899-1768788965FA}
		{C815B7BF-D2CA-4941-8FB2-DD801A762CC5} = {9243D4EC-3B64-4B82-BB11-283CCABD70BF}
		{FF0326A8-BE61-4AC2-8D7F-7FE5E6B3AFE5} = {9243D4EC-3B64-4B82-BB11-283CCABD70BF}
		{0CC7BAC6-EF2B-4F1A-892E-8DD8D1275EB5} = {9243D4EC-3B64-4B82-BB11-283CCABD70BF}
		{6C580896-154A-4CA5-BA5F-B82333F39F81} = {9243D4EC-3B64-4B82-BB11-283CCABD70BF}
	EndGlobalSection
	GlobalSection(ExtensibilityGlobals) = postSolution
		SolutionGuid = {F9EC35CA-3FB1-4327-B925-201C9361FE24}
	EndGlobalSection
EndGlobal
